{
    "_meta": {
        "hash": {
            "sha256": "62ef34a946ff93c65ede2802d3d497b6408111562419cec4177fde69466612f5"
        },
        "pipfile-spec": 6,
        "requires": {
            "python_version": "3.12"
        },
        "sources": [
            {
                "name": "pypi",
                "url": "https://pypi.org/simple",
                "verify_ssl": true
            }
        ]
    },
    "default": {
        "pyclip": {
            "hashes": [
                "sha256:57602047a4ceab709bdcd42f3dde6449a3349b95c16154cfdce27376a2072491",
                "sha256:a7b7ea2cfad2dd61e86a529af588d006070d3eb0bd32981afaee5215f4604fec"
            ],
            "index": "pypi",
            "version": "==0.7.0"
        }
    },
    "develop": {}
}
