{
    "_meta": {
        "hash": {
            "sha256": "***REMOVED***"
        },
        "pipfile-spec": 6,
        "requires": {
            "python_version": "3.12"
        },
        "sources": [
            {
                "name": "pypi",
                "url": "https://pypi.org/simple",
                "verify_ssl": true
            }
        ]
    },
    "default": {
        "aiohappyeyeballs": {
            "hashes": [
                "sha256:***REMOVED***",
                "sha256:***REMOVED***"
            ],
            "markers": "python_version >= '3.8'",
            "version": "==2.4.4"
        },
        "aiohttp": {
            "hashes": [
                "sha256:***REMOVED***",
                "sha256:***REMOVED***",
                "sha256:***REMOVED***",
                "sha256:***REMOVED***",
                "sha256:***REMOVED***",
                "sha256:***REMOVED***",
                "sha256:***REMOVED***",
                "sha256:***REMOVED***",
                "sha256:***REMOVED***",
                "sha256:***REMOVED***",
                "sha256:***REMOVED***",
                "sha256:***REMOVED***",
                "sha256:***REMOVED***",
                "sha256:***REMOVED***",
                "sha256:***REMOVED***",
                "sha256:***REMOVED***",
                "sha256:***REMOVED***",
                "sha256:***REMOVED***",
                "sha256:***REMOVED***",
                "sha256:***REMOVED***",
                "sha256:***REMOVED***",
                "sha256:***REMOVED***",
                "sha256:***REMOVED***",
                "sha256:***REMOVED***",
                "sha256:***REMOVED***",
                "sha256:***REMOVED***",
                "sha256:***REMOVED***",
                "sha256:***REMOVED***",
                "sha256:***REMOVED***",
                "sha256:***REMOVED***",
                "sha256:***REMOVED***",
                "sha256:***REMOVED***",
                "sha256:***REMOVED***",
                "sha256:***REMOVED***",
                "sha256:***REMOVED***",
                "sha256:***REMOVED***",
                "sha256:***REMOVED***",
                "sha256:***REMOVED***",
                "sha256:***REMOVED***",
                "sha256:***REMOVED***",
                "sha256:***REMOVED***",
                "sha256:***REMOVED***",
                "sha256:***REMOVED***",
                "sha256:***REMOVED***",
                "sha256:***REMOVED***",
                "sha256:***REMOVED***",
                "sha256:***REMOVED***",
                "sha256:***REMOVED***",
                "sha256:***REMOVED***",
                "sha256:***REMOVED***",
                "sha256:***REMOVED***",
                "sha256:***REMOVED***",
                "sha256:***REMOVED***",
                "sha256:***REMOVED***",
                "sha256:***REMOVED***",
                "sha256:***REMOVED***",
                "sha256:***REMOVED***",
                "sha256:***REMOVED***",
                "sha256:***REMOVED***",
                "sha256:***REMOVED***",
                "sha256:***REMOVED***",
                "sha256:***REMOVED***",
                "sha256:***REMOVED***",
                "sha256:***REMOVED***",
                "sha256:***REMOVED***",
                "sha256:***REMOVED***",
                "sha256:***REMOVED***",
                "sha256:***REMOVED***",
                "sha256:***REMOVED***",
                "sha256:***REMOVED***",
                "sha256:***REMOVED***",
                "sha256:***REMOVED***",
                "sha256:***REMOVED***",
                "sha256:***REMOVED***",
                "sha256:***REMOVED***",
                "sha256:***REMOVED***"
            ],
            "index": "pypi",
            "markers": "python_version >= '3.9'",
            "version": "==3.11.11"
        },
        "aiosignal": {
            "hashes": [
                "sha256:***REMOVED***",
                "sha256:***REMOVED***"
            ],
            "markers": "python_version >= '3.9'",
            "version": "==1.3.2"
        },
        "annotated-types": {
            "hashes": [
                "sha256:***REMOVED***",
                "sha256:***REMOVED***"
            ],
            "markers": "python_version >= '3.8'",
            "version": "==0.7.0"
        },
        "anyio": {
            "hashes": [
                "sha256:***REMOVED***",
                "sha256:***REMOVED***"
            ],
            "markers": "python_version >= '3.9'",
            "version": "==4.8.0"
        },
        "attrs": {
            "hashes": [
                "sha256:***REMOVED***",
                "sha256:***REMOVED***"
            ],
            "markers": "python_version >= '3.8'",
            "version": "==25.1.0"
        },
        "click": {
            "hashes": [
                "sha256:***REMOVED***",
                "sha256:***REMOVED***"
            ],
            "markers": "python_version >= '3.7'",
            "version": "==8.1.8"
        },
        "fastapi": {
            "hashes": [
                "sha256:***REMOVED***",
                "sha256:***REMOVED***"
            ],
            "index": "pypi",
            "markers": "python_version >= '3.8'",
            "version": "==0.115.8"
        },
        "frozenlist": {
            "hashes": [
                "sha256:***REMOVED***",
                "sha256:***REMOVED***",
                "sha256:***REMOVED***",
                "sha256:***REMOVED***",
                "sha256:***REMOVED***",
                "sha256:***REMOVED***",
                "sha256:***REMOVED***",
                "sha256:***REMOVED***",
                "sha256:***REMOVED***",
                "sha256:***REMOVED***",
                "sha256:***REMOVED***",
                "sha256:***REMOVED***",
                "sha256:***REMOVED***",
                "sha256:***REMOVED***",
                "sha256:***REMOVED***",
                "sha256:***REMOVED***",
                "sha256:***REMOVED***",
                "sha256:***REMOVED***",
                "sha256:***REMOVED***",
                "sha256:***REMOVED***",
                "sha256:***REMOVED***",
                "sha256:***REMOVED***",
                "sha256:***REMOVED***",
                "sha256:***REMOVED***",
                "sha256:***REMOVED***",
                "sha256:***REMOVED***",
                "sha256:***REMOVED***",
                "sha256:***REMOVED***",
                "sha256:***REMOVED***",
                "sha256:***REMOVED***",
                "sha256:***REMOVED***",
                "sha256:***REMOVED***",
                "sha256:***REMOVED***",
                "sha256:***REMOVED***",
                "sha256:***REMOVED***",
                "sha256:***REMOVED***",
                "sha256:***REMOVED***",
                "sha256:***REMOVED***",
                "sha256:***REMOVED***",
                "sha256:***REMOVED***",
                "sha256:***REMOVED***",
                "sha256:***REMOVED***",
                "sha256:***REMOVED***",
                "sha256:***REMOVED***",
                "sha256:***REMOVED***",
                "sha256:***REMOVED***",
                "sha256:***REMOVED***",
                "sha256:***REMOVED***",
                "sha256:***REMOVED***",
                "sha256:***REMOVED***",
                "sha256:***REMOVED***",
                "sha256:***REMOVED***",
                "sha256:***REMOVED***",
                "sha256:***REMOVED***",
                "sha256:***REMOVED***",
                "sha256:***REMOVED***",
                "sha256:***REMOVED***",
                "sha256:***REMOVED***",
                "sha256:***REMOVED***",
                "sha256:***REMOVED***",
                "sha256:***REMOVED***",
                "sha256:***REMOVED***",
                "sha256:***REMOVED***",
                "sha256:***REMOVED***",
                "sha256:***REMOVED***",
                "sha256:***REMOVED***",
                "sha256:***REMOVED***",
                "sha256:***REMOVED***",
                "sha256:***REMOVED***",
                "sha256:***REMOVED***",
                "sha256:***REMOVED***",
                "sha256:***REMOVED***",
                "sha256:***REMOVED***",
                "sha256:***REMOVED***",
                "sha256:***REMOVED***",
                "sha256:***REMOVED***",
                "sha256:***REMOVED***",
                "sha256:***REMOVED***",
                "sha256:***REMOVED***",
                "sha256:***REMOVED***",
                "sha256:***REMOVED***",
                "sha256:***REMOVED***",
                "sha256:***REMOVED***",
                "sha256:***REMOVED***",
                "sha256:***REMOVED***",
                "sha256:***REMOVED***",
                "sha256:***REMOVED***",
                "sha256:***REMOVED***",
                "sha256:***REMOVED***",
                "sha256:***REMOVED***",
                "sha256:***REMOVED***",
                "sha256:***REMOVED***"
            ],
            "markers": "python_version >= '3.8'",
            "version": "==1.5.0"
        },
        "h11": {
            "hashes": [
                "sha256:***REMOVED***",
                "sha256:***REMOVED***"
            ],
            "markers": "python_version >= '3.7'",
            "version": "==0.14.0"
        },
        "idna": {
            "hashes": [
                "sha256:***REMOVED***",
                "sha256:***REMOVED***"
            ],
            "markers": "python_version >= '3.6'",
            "version": "==3.10"
        },
        "multidict": {
            "hashes": [
                "sha256:***REMOVED***",
                "sha256:***REMOVED***",
                "sha256:***REMOVED***",
                "sha256:***REMOVED***",
                "sha256:***REMOVED***",
                "sha256:***REMOVED***",
                "sha256:***REMOVED***",
                "sha256:***REMOVED***",
                "sha256:***REMOVED***",
                "sha256:***REMOVED***",
                "sha256:***REMOVED***",
                "sha256:***REMOVED***",
                "sha256:***REMOVED***",
                "sha256:***REMOVED***",
                "sha256:***REMOVED***",
                "sha256:***REMOVED***",
                "sha256:***REMOVED***",
                "sha256:***REMOVED***",
                "sha256:***REMOVED***",
                "sha256:***REMOVED***",
                "sha256:***REMOVED***",
                "sha256:***REMOVED***",
                "sha256:***REMOVED***",
                "sha256:***REMOVED***",
                "sha256:***REMOVED***",
                "sha256:***REMOVED***",
                "sha256:***REMOVED***",
                "sha256:***REMOVED***",
                "sha256:***REMOVED***",
                "sha256:***REMOVED***",
                "sha256:***REMOVED***",
                "sha256:***REMOVED***",
                "sha256:***REMOVED***",
                "sha256:***REMOVED***",
                "sha256:***REMOVED***",
                "sha256:***REMOVED***",
                "sha256:***REMOVED***",
                "sha256:***REMOVED***",
                "sha256:***REMOVED***",
                "sha256:***REMOVED***",
                "sha256:***REMOVED***",
                "sha256:***REMOVED***",
                "sha256:***REMOVED***",
                "sha256:***REMOVED***",
                "sha256:***REMOVED***",
                "sha256:***REMOVED***",
                "sha256:***REMOVED***",
                "sha256:***REMOVED***",
                "sha256:***REMOVED***",
                "sha256:***REMOVED***",
                "sha256:***REMOVED***",
                "sha256:***REMOVED***",
                "sha256:***REMOVED***",
                "sha256:***REMOVED***",
                "sha256:***REMOVED***",
                "sha256:***REMOVED***",
                "sha256:***REMOVED***",
                "sha256:***REMOVED***",
                "sha256:***REMOVED***",
                "sha256:***REMOVED***",
                "sha256:***REMOVED***",
                "sha256:***REMOVED***",
                "sha256:***REMOVED***",
                "sha256:***REMOVED***",
                "sha256:***REMOVED***",
                "sha256:***REMOVED***",
                "sha256:***REMOVED***",
                "sha256:***REMOVED***",
                "sha256:***REMOVED***",
                "sha256:***REMOVED***",
                "sha256:***REMOVED***",
                "sha256:***REMOVED***",
                "sha256:***REMOVED***",
                "sha256:***REMOVED***",
                "sha256:***REMOVED***",
                "sha256:***REMOVED***",
                "sha256:***REMOVED***",
                "sha256:***REMOVED***",
                "sha256:***REMOVED***",
                "sha256:***REMOVED***",
                "sha256:***REMOVED***",
                "sha256:***REMOVED***",
                "sha256:***REMOVED***",
                "sha256:***REMOVED***",
                "sha256:***REMOVED***",
                "sha256:***REMOVED***",
                "sha256:***REMOVED***",
                "sha256:***REMOVED***",
                "sha256:***REMOVED***",
                "sha256:***REMOVED***",
                "sha256:***REMOVED***",
                "sha256:***REMOVED***"
            ],
            "markers": "python_version >= '3.8'",
            "version": "==6.1.0"
        },
        "propcache": {
            "hashes": [
                "sha256:***REMOVED***",
                "sha256:***REMOVED***",
                "sha256:***REMOVED***",
                "sha256:***REMOVED***",
                "sha256:***REMOVED***",
                "sha256:***REMOVED***",
                "sha256:***REMOVED***",
                "sha256:***REMOVED***",
                "sha256:***REMOVED***",
                "sha256:***REMOVED***",
                "sha256:***REMOVED***",
                "sha256:***REMOVED***",
                "sha256:***REMOVED***",
                "sha256:***REMOVED***",
                "sha256:***REMOVED***",
                "sha256:***REMOVED***",
                "sha256:***REMOVED***",
                "sha256:***REMOVED***",
                "sha256:***REMOVED***",
                "sha256:***REMOVED***",
                "sha256:***REMOVED***",
                "sha256:***REMOVED***",
                "sha256:***REMOVED***",
                "sha256:***REMOVED***",
                "sha256:***REMOVED***",
                "sha256:***REMOVED***",
                "sha256:***REMOVED***",
                "sha256:***REMOVED***",
                "sha256:***REMOVED***",
                "sha256:***REMOVED***",
                "sha256:***REMOVED***",
                "sha256:***REMOVED***",
                "sha256:***REMOVED***",
                "sha256:***REMOVED***",
                "sha256:***REMOVED***",
                "sha256:***REMOVED***",
                "sha256:***REMOVED***",
                "sha256:***REMOVED***",
                "sha256:***REMOVED***",
                "sha256:***REMOVED***",
                "sha256:***REMOVED***",
                "sha256:***REMOVED***",
                "sha256:***REMOVED***",
                "sha256:***REMOVED***",
                "sha256:***REMOVED***",
                "sha256:***REMOVED***",
                "sha256:***REMOVED***",
                "sha256:***REMOVED***",
                "sha256:***REMOVED***",
                "sha256:***REMOVED***",
                "sha256:***REMOVED***",
                "sha256:***REMOVED***",
                "sha256:***REMOVED***",
                "sha256:***REMOVED***",
                "sha256:***REMOVED***",
                "sha256:***REMOVED***",
                "sha256:***REMOVED***",
                "sha256:***REMOVED***",
                "sha256:***REMOVED***",
                "sha256:***REMOVED***",
                "sha256:***REMOVED***",
                "sha256:***REMOVED***",
                "sha256:***REMOVED***",
                "sha256:***REMOVED***",
                "sha256:***REMOVED***",
                "sha256:***REMOVED***",
                "sha256:***REMOVED***",
                "sha256:***REMOVED***",
                "sha256:***REMOVED***",
                "sha256:***REMOVED***",
                "sha256:***REMOVED***",
                "sha256:***REMOVED***",
                "sha256:***REMOVED***",
                "sha256:***REMOVED***",
                "sha256:***REMOVED***",
                "sha256:***REMOVED***",
                "sha256:***REMOVED***",
                "sha256:***REMOVED***",
                "sha256:***REMOVED***",
                "sha256:***REMOVED***",
                "sha256:***REMOVED***",
                "sha256:***REMOVED***"
            ],
            "markers": "python_version >= '3.9'",
            "version": "==0.2.1"
        },
        "pydantic": {
            "hashes": [
                "sha256:***REMOVED***",
                "sha256:***REMOVED***"
            ],
            "markers": "python_version >= '3.8'",
            "version": "==2.10.6"
        },
        "pydantic-core": {
            "hashes": [
                "sha256:***REMOVED***",
                "sha256:***REMOVED***",
                "sha256:***REMOVED***",
                "sha256:***REMOVED***",
                "sha256:***REMOVED***",
                "sha256:***REMOVED***",
                "sha256:***REMOVED***",
                "sha256:***REMOVED***",
                "sha256:***REMOVED***",
                "sha256:***REMOVED***",
                "sha256:***REMOVED***",
                "sha256:***REMOVED***",
                "sha256:***REMOVED***",
                "sha256:***REMOVED***",
                "sha256:***REMOVED***",
                "sha256:***REMOVED***",
                "sha256:***REMOVED***",
                "sha256:***REMOVED***",
                "sha256:***REMOVED***",
                "sha256:***REMOVED***",
                "sha256:***REMOVED***",
                "sha256:***REMOVED***",
                "sha256:***REMOVED***",
                "sha256:***REMOVED***",
                "sha256:***REMOVED***",
                "sha256:***REMOVED***",
                "sha256:***REMOVED***",
                "sha256:***REMOVED***",
                "sha256:***REMOVED***",
                "sha256:***REMOVED***",
                "sha256:***REMOVED***",
                "sha256:***REMOVED***",
                "sha256:***REMOVED***",
                "sha256:***REMOVED***",
                "sha256:***REMOVED***",
                "sha256:***REMOVED***",
                "sha256:***REMOVED***",
                "sha256:***REMOVED***",
                "sha256:***REMOVED***",
                "sha256:***REMOVED***",
                "sha256:***REMOVED***",
                "sha256:***REMOVED***",
                "sha256:***REMOVED***",
                "sha256:***REMOVED***",
                "sha256:***REMOVED***",
                "sha256:***REMOVED***",
                "sha256:***REMOVED***",
                "sha256:***REMOVED***",
                "sha256:***REMOVED***",
                "sha256:***REMOVED***",
                "sha256:***REMOVED***",
                "sha256:***REMOVED***",
                "sha256:***REMOVED***",
                "sha256:***REMOVED***",
                "sha256:***REMOVED***",
                "sha256:***REMOVED***",
                "sha256:***REMOVED***",
                "sha256:***REMOVED***",
                "sha256:***REMOVED***",
                "sha256:***REMOVED***",
                "sha256:***REMOVED***",
                "sha256:***REMOVED***",
                "sha256:***REMOVED***",
                "sha256:***REMOVED***",
                "sha256:***REMOVED***",
                "sha256:***REMOVED***",
                "sha256:***REMOVED***",
                "sha256:***REMOVED***",
                "sha256:***REMOVED***",
                "sha256:***REMOVED***",
                "sha256:***REMOVED***",
                "sha256:***REMOVED***",
                "sha256:***REMOVED***",
                "sha256:***REMOVED***",
                "sha256:***REMOVED***",
                "sha256:***REMOVED***",
                "sha256:***REMOVED***",
                "sha256:***REMOVED***",
                "sha256:***REMOVED***",
                "sha256:***REMOVED***",
                "sha256:***REMOVED***",
                "sha256:***REMOVED***",
                "sha256:***REMOVED***",
                "sha256:***REMOVED***",
                "sha256:***REMOVED***",
                "sha256:***REMOVED***",
                "sha256:***REMOVED***",
                "sha256:***REMOVED***",
                "sha256:***REMOVED***",
                "sha256:***REMOVED***",
                "sha256:***REMOVED***",
                "sha256:***REMOVED***",
                "sha256:***REMOVED***",
                "sha256:***REMOVED***",
                "sha256:***REMOVED***",
                "sha256:***REMOVED***",
                "sha256:***REMOVED***",
                "sha256:***REMOVED***",
                "sha256:***REMOVED***",
                "sha256:***REMOVED***"
            ],
            "markers": "python_version >= '3.8'",
            "version": "==2.27.2"
        },
        "python-dotenv": {
            "hashes": [
                "sha256:***REMOVED***",
                "sha256:***REMOVED***"
            ],
            "index": "pypi",
            "markers": "python_version >= '3.8'",
            "version": "==1.0.1"
        },
        "sniffio": {
            "hashes": [
                "sha256:***REMOVED***",
                "sha256:***REMOVED***"
            ],
            "markers": "python_version >= '3.7'",
            "version": "==1.3.1"
        },
        "starlette": {
            "hashes": [
                "sha256:***REMOVED***",
                "sha256:***REMOVED***"
            ],
            "markers": "python_version >= '3.9'",
            "version": "==0.45.3"
        },
        "typing-extensions": {
            "hashes": [
                "sha256:***REMOVED***",
                "sha256:***REMOVED***"
            ],
            "markers": "python_version >= '3.8'",
            "version": "==4.12.2"
        },
        "uvicorn": {
            "hashes": [
                "sha256:***REMOVED***",
                "sha256:***REMOVED***"
            ],
            "index": "pypi",
            "markers": "python_version >= '3.9'",
            "version": "==0.34.0"
        },
        "yarl": {
            "hashes": [
                "sha256:***REMOVED***",
                "sha256:***REMOVED***",
                "sha256:***REMOVED***",
                "sha256:***REMOVED***",
                "sha256:***REMOVED***",
                "sha256:***REMOVED***",
                "sha256:***REMOVED***",
                "sha256:***REMOVED***",
                "sha256:***REMOVED***",
                "sha256:***REMOVED***",
                "sha256:***REMOVED***",
                "sha256:***REMOVED***",
                "sha256:***REMOVED***",
                "sha256:***REMOVED***",
                "sha256:***REMOVED***",
                "sha256:***REMOVED***",
                "sha256:***REMOVED***",
                "sha256:***REMOVED***",
                "sha256:***REMOVED***",
                "sha256:***REMOVED***",
                "sha256:***REMOVED***",
                "sha256:***REMOVED***",
                "sha256:***REMOVED***",
                "sha256:***REMOVED***",
                "sha256:***REMOVED***",
                "sha256:***REMOVED***",
                "sha256:***REMOVED***",
                "sha256:***REMOVED***",
                "sha256:***REMOVED***",
                "sha256:***REMOVED***",
                "sha256:***REMOVED***",
                "sha256:***REMOVED***",
                "sha256:***REMOVED***",
                "sha256:***REMOVED***",
                "sha256:***REMOVED***",
                "sha256:***REMOVED***",
                "sha256:***REMOVED***",
                "sha256:***REMOVED***",
                "sha256:***REMOVED***",
                "sha256:***REMOVED***",
                "sha256:***REMOVED***",
                "sha256:***REMOVED***",
                "sha256:***REMOVED***",
                "sha256:***REMOVED***",
                "sha256:***REMOVED***",
                "sha256:***REMOVED***",
                "sha256:***REMOVED***",
                "sha256:***REMOVED***",
                "sha256:***REMOVED***",
                "sha256:***REMOVED***",
                "sha256:***REMOVED***",
                "sha256:***REMOVED***",
                "sha256:***REMOVED***",
                "sha256:***REMOVED***",
                "sha256:***REMOVED***",
                "sha256:***REMOVED***",
                "sha256:***REMOVED***",
                "sha256:***REMOVED***",
                "sha256:***REMOVED***",
                "sha256:***REMOVED***",
                "sha256:***REMOVED***",
                "sha256:***REMOVED***",
                "sha256:***REMOVED***",
                "sha256:***REMOVED***",
                "sha256:***REMOVED***",
                "sha256:***REMOVED***",
                "sha256:***REMOVED***",
                "sha256:***REMOVED***",
                "sha256:***REMOVED***",
                "sha256:***REMOVED***",
                "sha256:***REMOVED***",
                "sha256:***REMOVED***",
                "sha256:***REMOVED***",
                "sha256:***REMOVED***",
                "sha256:***REMOVED***",
                "sha256:***REMOVED***",
                "sha256:***REMOVED***",
                "sha256:***REMOVED***",
                "sha256:***REMOVED***",
                "sha256:***REMOVED***",
                "sha256:***REMOVED***",
                "sha256:***REMOVED***"
            ],
            "markers": "python_version >= '3.9'",
            "version": "==1.18.3"
        }
    },
    "develop": {
        "iniconfig": {
            "hashes": [
                "sha256:***REMOVED***",
                "sha256:***REMOVED***"
            ],
            "markers": "python_version >= '3.7'",
            "version": "==2.0.0"
        },
        "packaging": {
            "hashes": [
                "sha256:***REMOVED***",
                "sha256:***REMOVED***"
            ],
            "markers": "python_version >= '3.8'",
            "version": "==24.2"
        },
        "pluggy": {
            "hashes": [
                "sha256:***REMOVED***",
                "sha256:***REMOVED***"
            ],
            "markers": "python_version >= '3.8'",
            "version": "==1.5.0"
        },
        "pytest": {
            "hashes": [
                "sha256:***REMOVED***",
                "sha256:***REMOVED***"
            ],
            "index": "pypi",
            "markers": "python_version >= '3.8'",
            "version": "==8.3.4"
        },
        "pytest-asyncio": {
            "hashes": [
                "sha256:***REMOVED***",
                "sha256:***REMOVED***"
            ],
            "index": "pypi",
            "markers": "python_version >= '3.9'",
            "version": "==0.25.3"
        }
    }
}
