{
    "_meta": {
        "hash": {
            "sha256": "***REMOVED***"
        },
        "pipfile-spec": 6,
        "requires": {
            "python_version": "3.12.4"
        },
        "sources": [
            {
                "name": "pypi",
                "url": "https://pypi.org/simple",
                "verify_ssl": true
            }
        ]
    },
    "default": {
        "aiohappyeyeballs": {
            "hashes": [
                "sha256:***REMOVED***",
                "sha256:***REMOVED***"
            ],
            "markers": "python_version >= '3.8'",
            "version": "==2.4.4"
        },
        "aiohttp": {
            "hashes": [
                "sha256:***REMOVED***",
                "sha256:***REMOVED***",
                "sha256:***REMOVED***",
                "sha256:***REMOVED***",
                "sha256:***REMOVED***",
                "sha256:***REMOVED***",
                "sha256:***REMOVED***",
                "sha256:***REMOVED***",
                "sha256:***REMOVED***",
                "sha256:***REMOVED***",
                "sha256:***REMOVED***",
                "sha256:***REMOVED***",
                "sha256:***REMOVED***",
                "sha256:***REMOVED***",
                "sha256:***REMOVED***",
                "sha256:***REMOVED***",
                "sha256:***REMOVED***",
                "sha256:***REMOVED***",
                "sha256:***REMOVED***",
                "sha256:***REMOVED***",
                "sha256:***REMOVED***",
                "sha256:***REMOVED***",
                "sha256:***REMOVED***",
                "sha256:***REMOVED***",
                "sha256:***REMOVED***",
                "sha256:***REMOVED***",
                "sha256:***REMOVED***",
                "sha256:***REMOVED***",
                "sha256:***REMOVED***",
                "sha256:***REMOVED***",
                "sha256:***REMOVED***",
                "sha256:***REMOVED***",
                "sha256:***REMOVED***",
                "sha256:***REMOVED***",
                "sha256:***REMOVED***",
                "sha256:***REMOVED***",
                "sha256:***REMOVED***",
                "sha256:***REMOVED***",
                "sha256:***REMOVED***",
                "sha256:***REMOVED***",
                "sha256:***REMOVED***",
                "sha256:***REMOVED***",
                "sha256:***REMOVED***",
                "sha256:***REMOVED***",
                "sha256:***REMOVED***",
                "sha256:***REMOVED***",
                "sha256:***REMOVED***",
                "sha256:***REMOVED***",
                "sha256:***REMOVED***",
                "sha256:***REMOVED***",
                "sha256:***REMOVED***",
                "sha256:***REMOVED***",
                "sha256:***REMOVED***",
                "sha256:***REMOVED***",
                "sha256:***REMOVED***",
                "sha256:***REMOVED***",
                "sha256:***REMOVED***",
                "sha256:***REMOVED***",
                "sha256:***REMOVED***",
                "sha256:***REMOVED***",
                "sha256:***REMOVED***",
                "sha256:***REMOVED***",
                "sha256:***REMOVED***",
                "sha256:***REMOVED***",
                "sha256:***REMOVED***",
                "sha256:***REMOVED***",
                "sha256:***REMOVED***",
                "sha256:***REMOVED***",
                "sha256:***REMOVED***",
                "sha256:***REMOVED***",
                "sha256:***REMOVED***",
                "sha256:***REMOVED***",
                "sha256:***REMOVED***",
                "sha256:***REMOVED***",
                "sha256:***REMOVED***",
                "sha256:***REMOVED***"
            ],
            "markers": "python_version >= '3.9'",
            "version": "==3.11.11"
        },
        "aiosignal": {
            "hashes": [
                "sha256:***REMOVED***",
                "sha256:***REMOVED***"
            ],
            "markers": "python_version >= '3.9'",
            "version": "==1.3.2"
        },
        "annotated-types": {
            "hashes": [
                "sha256:***REMOVED***",
                "sha256:***REMOVED***"
            ],
            "markers": "python_version >= '3.8'",
            "version": "==0.7.0"
        },
        "anyio": {
            "hashes": [
                "sha256:***REMOVED***",
                "sha256:***REMOVED***"
            ],
            "markers": "python_version >= '3.9'",
            "version": "==4.8.0"
        },
        "attrs": {
            "hashes": [
                "sha256:***REMOVED***",
                "sha256:***REMOVED***"
            ],
            "markers": "python_version >= '3.8'",
            "version": "==25.1.0"
        },
        "certifi": {
            "hashes": [
                "sha256:***REMOVED***",
                "sha256:***REMOVED***"
            ],
            "markers": "python_version >= '3.6'",
            "version": "==2025.1.31"
        },
        "click": {
            "hashes": [
                "sha256:***REMOVED***",
                "sha256:***REMOVED***"
            ],
            "markers": "python_version >= '3.7'",
            "version": "==8.1.8"
        },
        "deprecation": {
            "hashes": [
                "sha256:***REMOVED***",
                "sha256:***REMOVED***"
            ],
            "version": "==2.1.0"
        },
        "fastapi": {
            "hashes": [
                "sha256:***REMOVED***",
                "sha256:***REMOVED***"
            ],
            "index": "pypi",
            "markers": "python_version >= '3.8'",
            "version": "==0.115.8"
        },
        "frozenlist": {
            "hashes": [
                "sha256:***REMOVED***",
                "sha256:***REMOVED***",
                "sha256:***REMOVED***",
                "sha256:***REMOVED***",
                "sha256:***REMOVED***",
                "sha256:***REMOVED***",
                "sha256:***REMOVED***",
                "sha256:***REMOVED***",
                "sha256:***REMOVED***",
                "sha256:***REMOVED***",
                "sha256:***REMOVED***",
                "sha256:***REMOVED***",
                "sha256:***REMOVED***",
                "sha256:***REMOVED***",
                "sha256:***REMOVED***",
                "sha256:***REMOVED***",
                "sha256:***REMOVED***",
                "sha256:***REMOVED***",
                "sha256:***REMOVED***",
                "sha256:***REMOVED***",
                "sha256:***REMOVED***",
                "sha256:***REMOVED***",
                "sha256:***REMOVED***",
                "sha256:***REMOVED***",
                "sha256:***REMOVED***",
                "sha256:***REMOVED***",
                "sha256:***REMOVED***",
                "sha256:***REMOVED***",
                "sha256:***REMOVED***",
                "sha256:***REMOVED***",
                "sha256:***REMOVED***",
                "sha256:***REMOVED***",
                "sha256:***REMOVED***",
                "sha256:***REMOVED***",
                "sha256:***REMOVED***",
                "sha256:***REMOVED***",
                "sha256:***REMOVED***",
                "sha256:***REMOVED***",
                "sha256:***REMOVED***",
                "sha256:***REMOVED***",
                "sha256:***REMOVED***",
                "sha256:***REMOVED***",
                "sha256:***REMOVED***",
                "sha256:***REMOVED***",
                "sha256:***REMOVED***",
                "sha256:***REMOVED***",
                "sha256:***REMOVED***",
                "sha256:***REMOVED***",
                "sha256:***REMOVED***",
                "sha256:***REMOVED***",
                "sha256:***REMOVED***",
                "sha256:***REMOVED***",
                "sha256:***REMOVED***",
                "sha256:***REMOVED***",
                "sha256:***REMOVED***",
                "sha256:***REMOVED***",
                "sha256:***REMOVED***",
                "sha256:***REMOVED***",
                "sha256:***REMOVED***",
                "sha256:***REMOVED***",
                "sha256:***REMOVED***",
                "sha256:***REMOVED***",
                "sha256:***REMOVED***",
                "sha256:***REMOVED***",
                "sha256:***REMOVED***",
                "sha256:***REMOVED***",
                "sha256:***REMOVED***",
                "sha256:***REMOVED***",
                "sha256:***REMOVED***",
                "sha256:***REMOVED***",
                "sha256:***REMOVED***",
                "sha256:***REMOVED***",
                "sha256:***REMOVED***",
                "sha256:***REMOVED***",
                "sha256:***REMOVED***",
                "sha256:***REMOVED***",
                "sha256:***REMOVED***",
                "sha256:***REMOVED***",
                "sha256:***REMOVED***",
                "sha256:***REMOVED***",
                "sha256:***REMOVED***",
                "sha256:***REMOVED***",
                "sha256:***REMOVED***",
                "sha256:***REMOVED***",
                "sha256:***REMOVED***",
                "sha256:***REMOVED***",
                "sha256:***REMOVED***",
                "sha256:***REMOVED***",
                "sha256:***REMOVED***",
                "sha256:***REMOVED***",
                "sha256:***REMOVED***",
                "sha256:***REMOVED***"
            ],
            "markers": "python_version >= '3.8'",
            "version": "==1.5.0"
        },
        "gotrue": {
            "hashes": [
                "sha256:***REMOVED***",
                "sha256:***REMOVED***"
            ],
            "markers": "python_version >= '3.9' and python_version < '4.0'",
            "version": "==2.11.3"
        },
        "h11": {
            "hashes": [
                "sha256:***REMOVED***",
                "sha256:***REMOVED***"
            ],
            "markers": "python_version >= '3.7'",
            "version": "==0.14.0"
        },
        "h2": {
            "hashes": [
                "sha256:***REMOVED***",
                "sha256:***REMOVED***"
            ],
            "version": "==4.2.0"
        },
        "hpack": {
            "hashes": [
                "sha256:***REMOVED***",
                "sha256:***REMOVED***"
            ],
            "markers": "python_version >= '3.9'",
            "version": "==4.1.0"
        },
        "httpcore": {
            "hashes": [
                "sha256:***REMOVED***",
                "sha256:***REMOVED***"
            ],
            "markers": "python_version >= '3.8'",
            "version": "==1.0.7"
        },
        "httpx": {
            "extras": [
                "http2"
            ],
            "hashes": [
                "sha256:***REMOVED***",
                "sha256:***REMOVED***"
            ],
            "markers": "python_version >= '3.8'",
            "version": "==0.28.1"
        },
        "hyperframe": {
            "hashes": [
                "sha256:***REMOVED***",
                "sha256:***REMOVED***"
            ],
            "markers": "python_version >= '3.9'",
            "version": "==6.1.0"
        },
        "idna": {
            "hashes": [
                "sha256:***REMOVED***",
                "sha256:***REMOVED***"
            ],
            "markers": "python_version >= '3.6'",
            "version": "==3.10"
        },
        "multidict": {
            "hashes": [
                "sha256:***REMOVED***",
                "sha256:***REMOVED***",
                "sha256:***REMOVED***",
                "sha256:***REMOVED***",
                "sha256:***REMOVED***",
                "sha256:***REMOVED***",
                "sha256:***REMOVED***",
                "sha256:***REMOVED***",
                "sha256:***REMOVED***",
                "sha256:***REMOVED***",
                "sha256:***REMOVED***",
                "sha256:***REMOVED***",
                "sha256:***REMOVED***",
                "sha256:***REMOVED***",
                "sha256:***REMOVED***",
                "sha256:***REMOVED***",
                "sha256:***REMOVED***",
                "sha256:***REMOVED***",
                "sha256:***REMOVED***",
                "sha256:***REMOVED***",
                "sha256:***REMOVED***",
                "sha256:***REMOVED***",
                "sha256:***REMOVED***",
                "sha256:***REMOVED***",
                "sha256:***REMOVED***",
                "sha256:***REMOVED***",
                "sha256:***REMOVED***",
                "sha256:***REMOVED***",
                "sha256:***REMOVED***",
                "sha256:***REMOVED***",
                "sha256:***REMOVED***",
                "sha256:***REMOVED***",
                "sha256:***REMOVED***",
                "sha256:***REMOVED***",
                "sha256:***REMOVED***",
                "sha256:***REMOVED***",
                "sha256:***REMOVED***",
                "sha256:***REMOVED***",
                "sha256:***REMOVED***",
                "sha256:***REMOVED***",
                "sha256:***REMOVED***",
                "sha256:***REMOVED***",
                "sha256:***REMOVED***",
                "sha256:***REMOVED***",
                "sha256:***REMOVED***",
                "sha256:***REMOVED***",
                "sha256:***REMOVED***",
                "sha256:***REMOVED***",
                "sha256:***REMOVED***",
                "sha256:***REMOVED***",
                "sha256:***REMOVED***",
                "sha256:***REMOVED***",
                "sha256:***REMOVED***",
                "sha256:***REMOVED***",
                "sha256:***REMOVED***",
                "sha256:***REMOVED***",
                "sha256:***REMOVED***",
                "sha256:***REMOVED***",
                "sha256:***REMOVED***",
                "sha256:***REMOVED***",
                "sha256:***REMOVED***",
                "sha256:***REMOVED***",
                "sha256:***REMOVED***",
                "sha256:***REMOVED***",
                "sha256:***REMOVED***",
                "sha256:***REMOVED***",
                "sha256:***REMOVED***",
                "sha256:***REMOVED***",
                "sha256:***REMOVED***",
                "sha256:***REMOVED***",
                "sha256:***REMOVED***",
                "sha256:***REMOVED***",
                "sha256:***REMOVED***",
                "sha256:***REMOVED***",
                "sha256:***REMOVED***",
                "sha256:***REMOVED***",
                "sha256:***REMOVED***",
                "sha256:***REMOVED***",
                "sha256:***REMOVED***",
                "sha256:***REMOVED***",
                "sha256:***REMOVED***",
                "sha256:***REMOVED***",
                "sha256:***REMOVED***",
                "sha256:***REMOVED***",
                "sha256:***REMOVED***",
                "sha256:***REMOVED***",
                "sha256:***REMOVED***",
                "sha256:***REMOVED***",
                "sha256:***REMOVED***",
                "sha256:***REMOVED***",
                "sha256:***REMOVED***",
                "sha256:***REMOVED***"
            ],
            "markers": "python_version >= '3.8'",
            "version": "==6.1.0"
        },
        "packaging": {
            "hashes": [
                "sha256:***REMOVED***",
                "sha256:***REMOVED***"
            ],
            "markers": "python_version >= '3.8'",
            "version": "==24.2"
        },
        "postgrest": {
            "hashes": [
                "sha256:***REMOVED***",
                "sha256:***REMOVED***"
            ],
            "markers": "python_version >= '3.9' and python_version < '4.0'",
            "version": "==0.19.3"
        },
        "propcache": {
            "hashes": [
                "sha256:***REMOVED***",
                "sha256:***REMOVED***",
                "sha256:***REMOVED***",
                "sha256:***REMOVED***",
                "sha256:***REMOVED***",
                "sha256:***REMOVED***",
                "sha256:***REMOVED***",
                "sha256:***REMOVED***",
                "sha256:***REMOVED***",
                "sha256:***REMOVED***",
                "sha256:***REMOVED***",
                "sha256:***REMOVED***",
                "sha256:***REMOVED***",
                "sha256:***REMOVED***",
                "sha256:***REMOVED***",
                "sha256:***REMOVED***",
                "sha256:***REMOVED***",
                "sha256:***REMOVED***",
                "sha256:***REMOVED***",
                "sha256:***REMOVED***",
                "sha256:***REMOVED***",
                "sha256:***REMOVED***",
                "sha256:***REMOVED***",
                "sha256:***REMOVED***",
                "sha256:***REMOVED***",
                "sha256:***REMOVED***",
                "sha256:***REMOVED***",
                "sha256:***REMOVED***",
                "sha256:***REMOVED***",
                "sha256:***REMOVED***",
                "sha256:***REMOVED***",
                "sha256:***REMOVED***",
                "sha256:***REMOVED***",
                "sha256:***REMOVED***",
                "sha256:***REMOVED***",
                "sha256:***REMOVED***",
                "sha256:***REMOVED***",
                "sha256:***REMOVED***",
                "sha256:***REMOVED***",
                "sha256:***REMOVED***",
                "sha256:***REMOVED***",
                "sha256:***REMOVED***",
                "sha256:***REMOVED***",
                "sha256:***REMOVED***",
                "sha256:***REMOVED***",
                "sha256:***REMOVED***",
                "sha256:***REMOVED***",
                "sha256:***REMOVED***",
                "sha256:***REMOVED***",
                "sha256:***REMOVED***",
                "sha256:***REMOVED***",
                "sha256:***REMOVED***",
                "sha256:***REMOVED***",
                "sha256:***REMOVED***",
                "sha256:***REMOVED***",
                "sha256:***REMOVED***",
                "sha256:***REMOVED***",
                "sha256:***REMOVED***",
                "sha256:***REMOVED***",
                "sha256:***REMOVED***",
                "sha256:***REMOVED***",
                "sha256:***REMOVED***",
                "sha256:***REMOVED***",
                "sha256:***REMOVED***",
                "sha256:***REMOVED***",
                "sha256:***REMOVED***",
                "sha256:***REMOVED***",
                "sha256:***REMOVED***",
                "sha256:***REMOVED***",
                "sha256:***REMOVED***",
                "sha256:***REMOVED***",
                "sha256:***REMOVED***",
                "sha256:***REMOVED***",
                "sha256:***REMOVED***",
                "sha256:***REMOVED***",
                "sha256:***REMOVED***",
                "sha256:***REMOVED***",
                "sha256:***REMOVED***",
                "sha256:***REMOVED***",
                "sha256:***REMOVED***",
                "sha256:***REMOVED***",
                "sha256:***REMOVED***"
            ],
            "markers": "python_version >= '3.9'",
            "version": "==0.2.1"
        },
        "pydantic": {
            "hashes": [
                "sha256:***REMOVED***",
                "sha256:***REMOVED***"
            ],
            "index": "pypi",
            "markers": "python_version >= '3.8'",
            "version": "==2.10.6"
        },
        "pydantic-core": {
            "hashes": [
                "sha256:***REMOVED***",
                "sha256:***REMOVED***",
                "sha256:***REMOVED***",
                "sha256:***REMOVED***",
                "sha256:***REMOVED***",
                "sha256:***REMOVED***",
                "sha256:***REMOVED***",
                "sha256:***REMOVED***",
                "sha256:***REMOVED***",
                "sha256:***REMOVED***",
                "sha256:***REMOVED***",
                "sha256:***REMOVED***",
                "sha256:***REMOVED***",
                "sha256:***REMOVED***",
                "sha256:***REMOVED***",
                "sha256:***REMOVED***",
                "sha256:***REMOVED***",
                "sha256:***REMOVED***",
                "sha256:***REMOVED***",
                "sha256:***REMOVED***",
                "sha256:***REMOVED***",
                "sha256:***REMOVED***",
                "sha256:***REMOVED***",
                "sha256:***REMOVED***",
                "sha256:***REMOVED***",
                "sha256:***REMOVED***",
                "sha256:***REMOVED***",
                "sha256:***REMOVED***",
                "sha256:***REMOVED***",
                "sha256:***REMOVED***",
                "sha256:***REMOVED***",
                "sha256:***REMOVED***",
                "sha256:***REMOVED***",
                "sha256:***REMOVED***",
                "sha256:***REMOVED***",
                "sha256:***REMOVED***",
                "sha256:***REMOVED***",
                "sha256:***REMOVED***",
                "sha256:***REMOVED***",
                "sha256:***REMOVED***",
                "sha256:***REMOVED***",
                "sha256:***REMOVED***",
                "sha256:***REMOVED***",
                "sha256:***REMOVED***",
                "sha256:***REMOVED***",
                "sha256:***REMOVED***",
                "sha256:***REMOVED***",
                "sha256:***REMOVED***",
                "sha256:***REMOVED***",
                "sha256:***REMOVED***",
                "sha256:***REMOVED***",
                "sha256:***REMOVED***",
                "sha256:***REMOVED***",
                "sha256:***REMOVED***",
                "sha256:***REMOVED***",
                "sha256:***REMOVED***",
                "sha256:***REMOVED***",
                "sha256:***REMOVED***",
                "sha256:***REMOVED***",
                "sha256:***REMOVED***",
                "sha256:***REMOVED***",
                "sha256:***REMOVED***",
                "sha256:***REMOVED***",
                "sha256:***REMOVED***",
                "sha256:***REMOVED***",
                "sha256:***REMOVED***",
                "sha256:***REMOVED***",
                "sha256:***REMOVED***",
                "sha256:***REMOVED***",
                "sha256:***REMOVED***",
                "sha256:***REMOVED***",
                "sha256:***REMOVED***",
                "sha256:***REMOVED***",
                "sha256:***REMOVED***",
                "sha256:***REMOVED***",
                "sha256:***REMOVED***",
                "sha256:***REMOVED***",
                "sha256:***REMOVED***",
                "sha256:***REMOVED***",
                "sha256:***REMOVED***",
                "sha256:***REMOVED***",
                "sha256:***REMOVED***",
                "sha256:***REMOVED***",
                "sha256:***REMOVED***",
                "sha256:***REMOVED***",
                "sha256:***REMOVED***",
                "sha256:***REMOVED***",
                "sha256:***REMOVED***",
                "sha256:***REMOVED***",
                "sha256:***REMOVED***",
                "sha256:***REMOVED***",
                "sha256:***REMOVED***",
                "sha256:***REMOVED***",
                "sha256:***REMOVED***",
                "sha256:***REMOVED***",
                "sha256:***REMOVED***",
                "sha256:***REMOVED***",
                "sha256:***REMOVED***",
                "sha256:***REMOVED***",
                "sha256:***REMOVED***"
            ],
            "markers": "python_version >= '3.8'",
            "version": "==2.27.2"
        },
        "pydantic-settings": {
            "hashes": [
                "sha256:***REMOVED***",
                "sha256:***REMOVED***"
            ],
            "index": "pypi",
            "markers": "python_version >= '3.8'",
            "version": "==2.7.1"
        },
        "python-dateutil": {
            "hashes": [
                "sha256:***REMOVED***",
                "sha256:***REMOVED***"
            ],
            "markers": "python_version >= '2.7' and python_version not in '3.0, 3.1, 3.2'",
            "version": "==2.9.0.post0"
        },
        "python-dotenv": {
            "hashes": [
                "sha256:***REMOVED***",
                "sha256:***REMOVED***"
            ],
            "index": "pypi",
            "markers": "python_version >= '3.8'",
            "version": "==1.0.1"
        },
        "realtime": {
            "hashes": [
                "sha256:***REMOVED***",
                "sha256:***REMOVED***"
            ],
            "markers": "python_version >= '3.9' and python_version < '4.0'",
            "version": "==2.3.0"
        },
        "six": {
            "hashes": [
                "sha256:***REMOVED***",
                "sha256:***REMOVED***"
            ],
            "markers": "python_version >= '2.7' and python_version not in '3.0, 3.1, 3.2'",
            "version": "==1.17.0"
        },
        "sniffio": {
            "hashes": [
                "sha256:***REMOVED***",
                "sha256:***REMOVED***"
            ],
            "markers": "python_version >= '3.7'",
            "version": "==1.3.1"
        },
        "starlette": {
            "hashes": [
                "sha256:***REMOVED***",
                "sha256:***REMOVED***"
            ],
            "markers": "python_version >= '3.9'",
            "version": "==0.45.3"
        },
        "storage3": {
            "hashes": [
                "sha256:***REMOVED***",
                "sha256:***REMOVED***"
            ],
            "markers": "python_version >= '3.9' and python_version < '4.0'",
            "version": "==0.11.3"
        },
        "strenum": {
            "hashes": [
                "sha256:***REMOVED***",
                "sha256:***REMOVED***"
            ],
            "version": "==0.4.15"
        },
        "supabase": {
            "hashes": [
                "sha256:***REMOVED***",
                "sha256:***REMOVED***"
            ],
            "index": "pypi",
            "markers": "python_version >= '3.9' and python_version < '4.0'",
            "version": "==2.12.0"
        },
        "supafunc": {
            "hashes": [
                "sha256:***REMOVED***",
                "sha256:***REMOVED***"
            ],
            "markers": "python_version >= '3.9' and python_version < '4.0'",
            "version": "==0.9.3"
        },
        "typing-extensions": {
            "hashes": [
                "sha256:***REMOVED***",
                "sha256:***REMOVED***"
            ],
            "markers": "python_version >= '3.8'",
            "version": "==4.12.2"
        },
        "uvicorn": {
            "hashes": [
                "sha256:***REMOVED***",
                "sha256:***REMOVED***"
            ],
            "index": "pypi",
            "markers": "python_version >= '3.9'",
            "version": "==0.34.0"
        },
        "websockets": {
            "hashes": [
                "sha256:***REMOVED***",
                "sha256:***REMOVED***",
                "sha256:***REMOVED***",
                "sha256:***REMOVED***",
                "sha256:***REMOVED***",
                "sha256:***REMOVED***",
                "sha256:***REMOVED***",
                "sha256:***REMOVED***",
                "sha256:***REMOVED***",
                "sha256:***REMOVED***",
                "sha256:***REMOVED***",
                "sha256:***REMOVED***",
                "sha256:***REMOVED***",
                "sha256:***REMOVED***",
                "sha256:***REMOVED***",
                "sha256:***REMOVED***",
                "sha256:***REMOVED***",
                "sha256:***REMOVED***",
                "sha256:***REMOVED***",
                "sha256:***REMOVED***",
                "sha256:***REMOVED***",
                "sha256:***REMOVED***",
                "sha256:***REMOVED***",
                "sha256:***REMOVED***",
                "sha256:***REMOVED***",
                "sha256:***REMOVED***",
                "sha256:***REMOVED***",
                "sha256:***REMOVED***",
                "sha256:***REMOVED***",
                "sha256:***REMOVED***",
                "sha256:***REMOVED***",
                "sha256:***REMOVED***",
                "sha256:***REMOVED***",
                "sha256:***REMOVED***",
                "sha256:***REMOVED***",
                "sha256:***REMOVED***",
                "sha256:***REMOVED***",
                "sha256:***REMOVED***",
                "sha256:***REMOVED***",
                "sha256:***REMOVED***",
                "sha256:***REMOVED***",
                "sha256:***REMOVED***",
                "sha256:***REMOVED***",
                "sha256:***REMOVED***",
                "sha256:***REMOVED***",
                "sha256:***REMOVED***",
                "sha256:***REMOVED***",
                "sha256:***REMOVED***",
                "sha256:***REMOVED***",
                "sha256:***REMOVED***",
                "sha256:***REMOVED***",
                "sha256:***REMOVED***",
                "sha256:***REMOVED***",
                "sha256:***REMOVED***",
                "sha256:***REMOVED***",
                "sha256:***REMOVED***",
                "sha256:***REMOVED***",
                "sha256:***REMOVED***",
                "sha256:***REMOVED***",
                "sha256:***REMOVED***",
                "sha256:***REMOVED***",
                "sha256:***REMOVED***",
                "sha256:***REMOVED***",
                "sha256:***REMOVED***",
                "sha256:***REMOVED***",
                "sha256:***REMOVED***",
                "sha256:***REMOVED***",
                "sha256:***REMOVED***",
                "sha256:***REMOVED***"
            ],
            "markers": "python_version >= '3.9'",
            "version": "==14.2"
        },
        "yarl": {
            "hashes": [
                "sha256:***REMOVED***",
                "sha256:***REMOVED***",
                "sha256:***REMOVED***",
                "sha256:***REMOVED***",
                "sha256:***REMOVED***",
                "sha256:***REMOVED***",
                "sha256:***REMOVED***",
                "sha256:***REMOVED***",
                "sha256:***REMOVED***",
                "sha256:***REMOVED***",
                "sha256:***REMOVED***",
                "sha256:***REMOVED***",
                "sha256:***REMOVED***",
                "sha256:***REMOVED***",
                "sha256:***REMOVED***",
                "sha256:***REMOVED***",
                "sha256:***REMOVED***",
                "sha256:***REMOVED***",
                "sha256:***REMOVED***",
                "sha256:***REMOVED***",
                "sha256:***REMOVED***",
                "sha256:***REMOVED***",
                "sha256:***REMOVED***",
                "sha256:***REMOVED***",
                "sha256:***REMOVED***",
                "sha256:***REMOVED***",
                "sha256:***REMOVED***",
                "sha256:***REMOVED***",
                "sha256:***REMOVED***",
                "sha256:***REMOVED***",
                "sha256:***REMOVED***",
                "sha256:***REMOVED***",
                "sha256:***REMOVED***",
                "sha256:***REMOVED***",
                "sha256:***REMOVED***",
                "sha256:***REMOVED***",
                "sha256:***REMOVED***",
                "sha256:***REMOVED***",
                "sha256:***REMOVED***",
                "sha256:***REMOVED***",
                "sha256:***REMOVED***",
                "sha256:***REMOVED***",
                "sha256:***REMOVED***",
                "sha256:***REMOVED***",
                "sha256:***REMOVED***",
                "sha256:***REMOVED***",
                "sha256:***REMOVED***",
                "sha256:***REMOVED***",
                "sha256:***REMOVED***",
                "sha256:***REMOVED***",
                "sha256:***REMOVED***",
                "sha256:***REMOVED***",
                "sha256:***REMOVED***",
                "sha256:***REMOVED***",
                "sha256:***REMOVED***",
                "sha256:***REMOVED***",
                "sha256:***REMOVED***",
                "sha256:***REMOVED***",
                "sha256:***REMOVED***",
                "sha256:***REMOVED***",
                "sha256:***REMOVED***",
                "sha256:***REMOVED***",
                "sha256:***REMOVED***",
                "sha256:***REMOVED***",
                "sha256:***REMOVED***",
                "sha256:***REMOVED***",
                "sha256:***REMOVED***",
                "sha256:***REMOVED***",
                "sha256:***REMOVED***",
                "sha256:***REMOVED***",
                "sha256:***REMOVED***",
                "sha256:***REMOVED***",
                "sha256:***REMOVED***",
                "sha256:***REMOVED***",
                "sha256:***REMOVED***",
                "sha256:***REMOVED***",
                "sha256:***REMOVED***",
                "sha256:***REMOVED***",
                "sha256:***REMOVED***",
                "sha256:***REMOVED***",
                "sha256:***REMOVED***",
                "sha256:***REMOVED***"
            ],
            "markers": "python_version >= '3.9'",
            "version": "==1.18.3"
        }
    },
    "develop": {
        "anyio": {
            "hashes": [
                "sha256:***REMOVED***",
                "sha256:***REMOVED***"
            ],
            "markers": "python_version >= '3.9'",
            "version": "==4.8.0"
        },
        "black": {
            "hashes": [
                "sha256:***REMOVED***",
                "sha256:***REMOVED***",
                "sha256:***REMOVED***",
                "sha256:***REMOVED***",
                "sha256:***REMOVED***",
                "sha256:***REMOVED***",
                "sha256:***REMOVED***",
                "sha256:***REMOVED***",
                "sha256:***REMOVED***",
                "sha256:***REMOVED***",
                "sha256:***REMOVED***",
                "sha256:***REMOVED***",
                "sha256:***REMOVED***",
                "sha256:***REMOVED***",
                "sha256:***REMOVED***",
                "sha256:***REMOVED***",
                "sha256:***REMOVED***",
                "sha256:***REMOVED***",
                "sha256:***REMOVED***",
                "sha256:***REMOVED***",
                "sha256:***REMOVED***",
                "sha256:***REMOVED***"
            ],
            "index": "pypi",
            "markers": "python_version >= '3.9'",
            "version": "==25.1.0"
        },
        "certifi": {
            "hashes": [
                "sha256:***REMOVED***",
                "sha256:***REMOVED***"
            ],
            "markers": "python_version >= '3.6'",
            "version": "==2025.1.31"
        },
        "cfgv": {
            "hashes": [
                "sha256:***REMOVED***",
                "sha256:***REMOVED***"
            ],
            "markers": "python_version >= '3.8'",
            "version": "==3.4.0"
        },
        "click": {
            "hashes": [
                "sha256:***REMOVED***",
                "sha256:***REMOVED***"
            ],
            "markers": "python_version >= '3.7'",
            "version": "==8.1.8"
        },
        "distlib": {
            "hashes": [
                "sha256:***REMOVED***",
                "sha256:***REMOVED***"
            ],
            "version": "==0.3.9"
        },
        "filelock": {
            "hashes": [
                "sha256:***REMOVED***",
                "sha256:***REMOVED***"
            ],
            "markers": "python_version >= '3.9'",
            "version": "==3.17.0"
        },
        "h11": {
            "hashes": [
                "sha256:***REMOVED***",
                "sha256:***REMOVED***"
            ],
            "markers": "python_version >= '3.7'",
            "version": "==0.14.0"
        },
        "httpcore": {
            "hashes": [
                "sha256:***REMOVED***",
                "sha256:***REMOVED***"
            ],
            "markers": "python_version >= '3.8'",
            "version": "==1.0.7"
        },
        "httpx": {
            "extras": [
                "http2"
            ],
            "hashes": [
                "sha256:***REMOVED***",
                "sha256:***REMOVED***"
            ],
            "markers": "python_version >= '3.8'",
            "version": "==0.28.1"
        },
        "identify": {
            "hashes": [
                "sha256:***REMOVED***",
                "sha256:***REMOVED***"
            ],
            "markers": "python_version >= '3.9'",
            "version": "==2.6.6"
        },
        "idna": {
            "hashes": [
                "sha256:***REMOVED***",
                "sha256:***REMOVED***"
            ],
            "markers": "python_version >= '3.6'",
            "version": "==3.10"
        },
        "iniconfig": {
            "hashes": [
                "sha256:***REMOVED***",
                "sha256:***REMOVED***"
            ],
            "markers": "python_version >= '3.7'",
            "version": "==2.0.0"
        },
        "isort": {
            "hashes": [
                "sha256:***REMOVED***",
                "sha256:***REMOVED***"
            ],
            "index": "pypi",
            "markers": "python_full_version >= '3.9.0'",
            "version": "==6.0.0"
        },
        "mypy-extensions": {
            "hashes": [
                "sha256:***REMOVED***",
                "sha256:***REMOVED***"
            ],
            "markers": "python_version >= '3.5'",
            "version": "==1.0.0"
        },
        "nodeenv": {
            "hashes": [
                "sha256:***REMOVED***",
                "sha256:***REMOVED***"
            ],
            "markers": "python_version >= '2.7' and python_version not in '3.0, 3.1, 3.2, 3.3, 3.4, 3.5, 3.6'",
            "version": "==1.9.1"
        },
        "packaging": {
            "hashes": [
                "sha256:***REMOVED***",
                "sha256:***REMOVED***"
            ],
            "markers": "python_version >= '3.8'",
            "version": "==24.2"
        },
        "pathspec": {
            "hashes": [
                "sha256:***REMOVED***",
                "sha256:***REMOVED***"
            ],
            "markers": "python_version >= '3.8'",
            "version": "==0.12.1"
        },
        "platformdirs": {
            "hashes": [
                "sha256:***REMOVED***",
                "sha256:***REMOVED***"
            ],
            "markers": "python_version >= '3.8'",
            "version": "==4.3.6"
        },
        "pluggy": {
            "hashes": [
                "sha256:***REMOVED***",
                "sha256:***REMOVED***"
            ],
            "markers": "python_version >= '3.8'",
            "version": "==1.5.0"
        },
        "pre-commit": {
            "hashes": [
                "sha256:***REMOVED***",
                "sha256:***REMOVED***"
            ],
            "index": "pypi",
            "markers": "python_version >= '3.9'",
            "version": "==4.1.0"
        },
        "pytest": {
            "hashes": [
                "sha256:***REMOVED***",
                "sha256:***REMOVED***"
            ],
            "index": "pypi",
            "markers": "python_version >= '3.8'",
            "version": "==8.3.4"
        },
        "pytest-asyncio": {
            "hashes": [
                "sha256:***REMOVED***",
                "sha256:***REMOVED***"
            ],
            "index": "pypi",
            "markers": "python_version >= '3.9'",
            "version": "==0.25.3"
        },
        "pyyaml": {
            "hashes": [
                "sha256:***REMOVED***",
                "sha256:***REMOVED***",
                "sha256:***REMOVED***",
                "sha256:***REMOVED***",
                "sha256:***REMOVED***",
                "sha256:***REMOVED***",
                "sha256:***REMOVED***",
                "sha256:***REMOVED***",
                "sha256:***REMOVED***",
                "sha256:***REMOVED***",
                "sha256:***REMOVED***",
                "sha256:***REMOVED***",
                "sha256:***REMOVED***",
                "sha256:***REMOVED***",
                "sha256:***REMOVED***",
                "sha256:***REMOVED***",
                "sha256:***REMOVED***",
                "sha256:***REMOVED***",
                "sha256:***REMOVED***",
                "sha256:***REMOVED***",
                "sha256:***REMOVED***",
                "sha256:***REMOVED***",
                "sha256:***REMOVED***",
                "sha256:***REMOVED***",
                "sha256:***REMOVED***",
                "sha256:***REMOVED***",
                "sha256:***REMOVED***",
                "sha256:***REMOVED***",
                "sha256:***REMOVED***",
                "sha256:***REMOVED***",
                "sha256:***REMOVED***",
                "sha256:***REMOVED***",
                "sha256:***REMOVED***",
                "sha256:***REMOVED***",
                "sha256:***REMOVED***",
                "sha256:***REMOVED***",
                "sha256:***REMOVED***",
                "sha256:***REMOVED***",
                "sha256:***REMOVED***",
                "sha256:***REMOVED***",
                "sha256:***REMOVED***",
                "sha256:***REMOVED***",
                "sha256:***REMOVED***",
                "sha256:***REMOVED***",
                "sha256:***REMOVED***",
                "sha256:***REMOVED***",
                "sha256:***REMOVED***",
                "sha256:***REMOVED***",
                "sha256:***REMOVED***",
                "sha256:***REMOVED***",
                "sha256:***REMOVED***",
                "sha256:***REMOVED***",
                "sha256:***REMOVED***"
            ],
            "markers": "python_version >= '3.8'",
            "version": "==6.0.2"
        },
        "sniffio": {
            "hashes": [
                "sha256:***REMOVED***",
                "sha256:***REMOVED***"
            ],
            "markers": "python_version >= '3.7'",
            "version": "==1.3.1"
        },
        "typing-extensions": {
            "hashes": [
                "sha256:***REMOVED***",
                "sha256:***REMOVED***"
            ],
            "markers": "python_version >= '3.8'",
            "version": "==4.12.2"
        },
        "virtualenv": {
            "hashes": [
                "sha256:***REMOVED***",
                "sha256:***REMOVED***"
            ],
            "markers": "python_version >= '3.8'",
            "version": "==20.29.1"
        }
    }
}
