{
    "_meta": {
        "hash": {
            "sha256": "***REMOVED***"
        },
        "pipfile-spec": 6,
        "requires": {
            "python_version": "3.12.4"
        },
        "sources": [
            {
                "name": "pypi",
                "url": "https://pypi.org/simple",
                "verify_ssl": true
            }
        ]
    },
    "default": {
        "annotated-types": {
            "hashes": [
                "sha256:***REMOVED***",
                "sha256:***REMOVED***"
            ],
            "markers": "python_version >= '3.8'",
            "version": "==0.7.0"
        },
        "anyio": {
            "hashes": [
                "sha256:***REMOVED***",
                "sha256:***REMOVED***"
            ],
            "markers": "python_version >= '3.9'",
            "version": "==4.8.0"
        },
        "click": {
            "hashes": [
                "sha256:***REMOVED***",
                "sha256:***REMOVED***"
            ],
            "markers": "python_version >= '3.7'",
            "version": "==8.1.8"
        },
        "fastapi": {
            "hashes": [
                "sha256:***REMOVED***",
                "sha256:***REMOVED***"
            ],
            "index": "pypi",
            "markers": "python_version >= '3.8'",
            "version": "==0.109.2"
        },
        "h11": {
            "hashes": [
                "sha256:***REMOVED***",
                "sha256:***REMOVED***"
            ],
            "markers": "python_version >= '3.7'",
            "version": "==0.14.0"
        },
        "idna": {
            "hashes": [
                "sha256:***REMOVED***",
                "sha256:***REMOVED***"
            ],
            "markers": "python_version >= '3.6'",
            "version": "==3.10"
        },
        "pydantic": {
            "hashes": [
                "sha256:***REMOVED***",
                "sha256:***REMOVED***"
            ],
            "index": "pypi",
            "markers": "python_version >= '3.8'",
            "version": "==2.6.1"
        },
        "pydantic-core": {
            "hashes": [
                "sha256:***REMOVED***",
                "sha256:***REMOVED***",
                "sha256:***REMOVED***",
                "sha256:***REMOVED***",
                "sha256:***REMOVED***",
                "sha256:***REMOVED***",
                "sha256:***REMOVED***",
                "sha256:***REMOVED***",
                "sha256:***REMOVED***",
                "sha256:***REMOVED***",
                "sha256:***REMOVED***",
                "sha256:***REMOVED***",
                "sha256:***REMOVED***",
                "sha256:***REMOVED***",
                "sha256:***REMOVED***",
                "sha256:***REMOVED***",
                "sha256:***REMOVED***",
                "sha256:***REMOVED***",
                "sha256:***REMOVED***",
                "sha256:***REMOVED***",
                "sha256:***REMOVED***",
                "sha256:***REMOVED***",
                "sha256:***REMOVED***",
                "sha256:***REMOVED***",
                "sha256:***REMOVED***",
                "sha256:***REMOVED***",
                "sha256:***REMOVED***",
                "sha256:***REMOVED***",
                "sha256:***REMOVED***",
                "sha256:***REMOVED***",
                "sha256:***REMOVED***",
                "sha256:***REMOVED***",
                "sha256:***REMOVED***",
                "sha256:***REMOVED***",
                "sha256:***REMOVED***",
                "sha256:***REMOVED***",
                "sha256:***REMOVED***",
                "sha256:***REMOVED***",
                "sha256:***REMOVED***",
                "sha256:***REMOVED***",
                "sha256:***REMOVED***",
                "sha256:***REMOVED***",
                "sha256:***REMOVED***",
                "sha256:***REMOVED***",
                "sha256:***REMOVED***",
                "sha256:***REMOVED***",
                "sha256:***REMOVED***",
                "sha256:***REMOVED***",
                "sha256:***REMOVED***",
                "sha256:***REMOVED***",
                "sha256:***REMOVED***",
                "sha256:***REMOVED***",
                "sha256:***REMOVED***",
                "sha256:***REMOVED***",
                "sha256:***REMOVED***",
                "sha256:***REMOVED***",
                "sha256:***REMOVED***",
                "sha256:***REMOVED***",
                "sha256:***REMOVED***",
                "sha256:***REMOVED***",
                "sha256:***REMOVED***",
                "sha256:***REMOVED***",
                "sha256:***REMOVED***",
                "sha256:***REMOVED***",
                "sha256:***REMOVED***",
                "sha256:***REMOVED***",
                "sha256:***REMOVED***",
                "sha256:***REMOVED***",
                "sha256:***REMOVED***",
                "sha256:***REMOVED***",
                "sha256:***REMOVED***",
                "sha256:***REMOVED***",
                "sha256:***REMOVED***",
                "sha256:***REMOVED***",
                "sha256:***REMOVED***",
                "sha256:***REMOVED***",
                "sha256:***REMOVED***",
                "sha256:***REMOVED***",
                "sha256:***REMOVED***"
            ],
            "markers": "python_version >= '3.8'",
            "version": "==2.16.2"
        },
        "pydantic-settings": {
            "hashes": [
                "sha256:***REMOVED***",
                "sha256:***REMOVED***"
            ],
            "index": "pypi",
            "markers": "python_version >= '3.8'",
            "version": "==2.1.0"
        },
        "python-dotenv": {
            "hashes": [
                "sha256:***REMOVED***",
                "sha256:***REMOVED***"
            ],
            "markers": "python_version >= '3.8'",
            "version": "==1.0.1"
        },
        "sniffio": {
            "hashes": [
                "sha256:***REMOVED***",
                "sha256:***REMOVED***"
            ],
            "markers": "python_version >= '3.7'",
            "version": "==1.3.1"
        },
        "starlette": {
            "hashes": [
                "sha256:***REMOVED***",
                "sha256:***REMOVED***"
            ],
            "markers": "python_version >= '3.8'",
            "version": "==0.36.3"
        },
        "typing-extensions": {
            "hashes": [
                "sha256:***REMOVED***",
                "sha256:***REMOVED***"
            ],
            "markers": "python_version >= '3.8'",
            "version": "==4.12.2"
        },
        "uvicorn": {
            "hashes": [
                "sha256:***REMOVED***",
                "sha256:***REMOVED***"
            ],
            "index": "pypi",
            "markers": "python_version >= '3.8'",
            "version": "==0.27.1"
        }
    },
    "develop": {}
}
