{
    "_meta": {
        "hash": {
            "sha256": "***REMOVED***"
        },
        "pipfile-spec": 6,
        "requires": {
            "python_version": "3.12"
        },
        "sources": [
            {
                "name": "pypi",
                "url": "https://pypi.org/simple",
                "verify_ssl": true
            }
        ]
    },
    "default": {
        "click": {
            "hashes": [
                "sha256:***REMOVED***",
                "sha256:***REMOVED***"
            ],
            "index": "pypi",
            "markers": "python_version >= '3.7'",
            "version": "==8.1.8"
        },
        "python-dotenv": {
            "hashes": [
                "sha256:***REMOVED***",
                "sha256:***REMOVED***"
            ],
            "index": "pypi",
            "markers": "python_version >= '3.8'",
            "version": "==1.0.1"
        },
        "tiktoken-cli": {
            "editable": true,
            "file": "."
        }
    },
    "develop": {}
}
